{
  "version": 4,
  "terraform_version": "1.9.5",
  "serial": 7,
  "lineage": "a6e643ae-59d5-4baa-08ea-c36e0440d9ad",
  "outputs": {
    "github_repo_id": {
      "value": 857897214,
      "type": "number"
    },
    "github_url": {
      "value": "https://github.com/gbenga504/terraform_practice",
      "type": "string"
    }
  },
  "resources": [
    {
      "mode": "managed",
      "type": "github_repository",
      "name": "terraform_test_repo",
      "provider": "provider[\"registry.terraform.io/hashicorp/github\"]",
      "instances": [
        {
          "schema_version": 1,
          "attributes": {
            "allow_auto_merge": false,
            "allow_merge_commit": true,
            "allow_rebase_merge": true,
            "allow_squash_merge": true,
            "allow_update_branch": false,
            "archive_on_destroy": null,
            "archived": false,
            "auto_init": null,
            "default_branch": "main",
            "delete_branch_on_merge": false,
            "description": "My terraform practice repository",
            "etag": "W/\"9da659190ae8f4a884d48c6d6ac28785fff71c9bc85333aea67f5d882758a780\"",
            "full_name": "gbenga504/terraform_practice",
            "git_clone_url": "git://github.com/gbenga504/terraform_practice.git",
            "gitignore_template": null,
            "has_discussions": false,
            "has_downloads": false,
            "has_issues": false,
            "has_projects": false,
            "has_wiki": false,
            "homepage_url": "",
            "html_url": "https://github.com/gbenga504/terraform_practice",
            "http_clone_url": "https://github.com/gbenga504/terraform_practice.git",
            "id": "terraform_practice",
            "ignore_vulnerability_alerts_during_read": null,
            "is_template": false,
            "license_template": null,
            "merge_commit_message": "PR_TITLE",
            "merge_commit_title": "MERGE_MESSAGE",
            "name": "terraform_practice",
            "node_id": "R_kgDOMyJ4_g",
            "pages": [],
            "primary_language": "",
            "private": false,
            "repo_id": 857897214,
            "security_and_analysis": [
              {
                "advanced_security": [],
                "secret_scanning": [
                  {
                    "status": "enabled"
                  }
                ],
                "secret_scanning_push_protection": [
                  {
                    "status": "enabled"
                  }
                ]
              }
            ],
            "squash_merge_commit_message": "COMMIT_MESSAGES",
            "squash_merge_commit_title": "COMMIT_OR_PR_TITLE",
            "ssh_clone_url": "git@github.com:gbenga504/terraform_practice.git",
            "svn_url": "https://github.com/gbenga504/terraform_practice",
            "template": [],
            "topics": [],
            "visibility": "public",
            "vulnerability_alerts": false,
            "web_commit_signoff_required": false
          },
          "sensitive_attributes": [],
          "private": "eyJzY2hlbWFfdmVyc2lvbiI6IjEifQ=="
        }
      ]
    }
  ],
  "check_results": null
}
