{
  "version": 4,
  "terraform_version": "1.9.5",
  "serial": 6,
  "lineage": "a6e643ae-59d5-4baa-08ea-c36e0440d9ad",
  "outputs": {
    "github_repo_id": {
      "value": 857897214,
      "type": "number"
    },
    "github_url": {
      "value": "https://github.com/gbenga504/terraform_practice",
      "type": "string"
    }
  },
  "resources": [
    {
      "mode": "managed",
      "type": "github_repository",
      "name": "terraform_test_repo",
      "provider": "provider[\"registry.terraform.io/hashicorp/github\"]",
      "instances": [
        {
          "schema_version": 1,
          "attributes": {
            "allow_auto_merge": false,
            "allow_merge_commit": true,
            "allow_rebase_merge": true,
            "allow_squash_merge": true,
            "allow_update_branch": false,
            "archive_on_destroy": null,
            "archived": false,
            "auto_init": null,
            "default_branch": "main",
            "delete_branch_on_merge": false,
            "description": "My terraform practice repository",
            "etag": "W/\"9da659190ae8f4a884d48c6d6ac28785fff71c9bc85333aea67f5d882758a780\"",
            "full_name": "gbenga504/terraform_practice",
            "git_clone_url": "git://github.com/gbenga504/terraform_practice.git",
            "gitignore_template": null,
            "has_discussions": false,
            "has_downloads": false,
            "has_issues": false,
            "has_projects": false,
            "has_wiki": false,
            "homepage_url": "",
            "html_url": "https://github.com/gbenga504/terraform_practice",
            "http_clone_url": "https://github.com/gbenga504/terraform_practice.git",
            "id": "terraform_practice",
            "ignore_vulnerability_alerts_during_read": null,
            "is_template": false,
            "license_template": null,
            "merge_commit_message": "PR_TITLE",
            "merge_commit_title": "MERGE_MESSAGE",
            "name": "terraform_practice",
            "node_id": "R_kgDOMyJ4_g",
            "pages": [],
            "primary_language": "",
            "private": false,
            "repo_id": 857897214,
            "security_and_analysis": [
              {
                "advanced_security": [],
                "secret_scanning": [
                  {
                    "status": "enabled"
                  }
                ],
                "secret_scanning_push_protection": [
                  {
                    "status": "enabled"
                  }
                ]
              }
            ],
            "squash_merge_commit_message": "COMMIT_MESSAGES",
            "squash_merge_commit_title": "COMMIT_OR_PR_TITLE",
            "ssh_clone_url": "git@github.com:gbenga504/terraform_practice.git",
            "svn_url": "https://github.com/gbenga504/terraform_practice",
            "template": [],
            "topics": [],
            "visibility": "public",
            "vulnerability_alerts": false,
            "web_commit_signoff_required": false
          },
          "sensitive_attributes": [],
          "private": "eyJzY2hlbWFfdmVyc2lvbiI6IjEifQ=="
        }
      ]
    },
    {
      "module": "module.google",
      "mode": "managed",
      "type": "google_container_cluster",
      "name": "primary_cluster",
      "provider": "module.google.provider[\"registry.terraform.io/hashicorp/google\"]",
      "instances": [
        {
          "schema_version": 2,
          "attributes": {
            "addons_config": [
              {
                "cloudrun_config": [],
                "config_connector_config": [],
                "dns_cache_config": [
                  {
                    "enabled": false
                  }
                ],
                "gce_persistent_disk_csi_driver_config": [
                  {
                    "enabled": true
                  }
                ],
                "gcp_filestore_csi_driver_config": [],
                "gcs_fuse_csi_driver_config": [
                  {
                    "enabled": false
                  }
                ],
                "gke_backup_agent_config": [],
                "horizontal_pod_autoscaling": [
                  {
                    "disabled": false
                  }
                ],
                "http_load_balancing": [
                  {
                    "disabled": false
                  }
                ],
                "network_policy_config": [
                  {
                    "disabled": true
                  }
                ],
                "ray_operator_config": [
                  {
                    "enabled": false,
                    "ray_cluster_logging_config": [],
                    "ray_cluster_monitoring_config": []
                  }
                ],
                "stateful_ha_config": []
              }
            ],
            "allow_net_admin": null,
            "authenticator_groups_config": [
              {
                "security_group": ""
              }
            ],
            "binary_authorization": [
              {
                "enabled": false,
                "evaluation_mode": "DISABLED"
              }
            ],
            "cluster_autoscaling": [
              {
                "auto_provisioning_defaults": [],
                "auto_provisioning_locations": [],
                "autoscaling_profile": "BALANCED",
                "enabled": false,
                "resource_limits": []
              }
            ],
            "cluster_ipv4_cidr": "10.16.0.0/14",
            "confidential_nodes": [],
            "cost_management_config": [],
            "database_encryption": [
              {
                "key_name": "",
                "state": "DECRYPTED"
              }
            ],
            "datapath_provider": "LEGACY_DATAPATH",
            "default_max_pods_per_node": 110,
            "default_snat_status": [
              {
                "disabled": false
              }
            ],
            "deletion_protection": false,
            "description": "",
            "dns_config": [],
            "effective_labels": {},
            "enable_autopilot": false,
            "enable_cilium_clusterwide_network_policy": false,
            "enable_intranode_visibility": false,
            "enable_k8s_beta_apis": [],
            "enable_kubernetes_alpha": false,
            "enable_l4_ilb_subsetting": false,
            "enable_legacy_abac": false,
            "enable_multi_networking": false,
            "enable_shielded_nodes": true,
            "enable_tpu": false,
            "endpoint": "34.133.138.169",
            "fleet": [],
            "gateway_api_config": [],
            "id": "projects/total-triumph-428918-t6/locations/us-central1-c/clusters/practice-production",
            "identity_service_config": [],
            "initial_node_count": 0,
            "ip_allocation_policy": [
              {
                "additional_pod_ranges_config": [],
                "cluster_ipv4_cidr_block": "10.16.0.0/14",
                "cluster_secondary_range_name": "gke-practice-production-pods-a6f079b9",
                "pod_cidr_overprovision_config": [
                  {
                    "disabled": false
                  }
                ],
                "services_ipv4_cidr_block": "34.118.224.0/20",
                "services_secondary_range_name": "",
                "stack_type": "IPV4"
              }
            ],
            "label_fingerprint": "a9dc16a7",
            "location": "us-central1-c",
            "logging_config": [
              {
                "enable_components": [
                  "SYSTEM_COMPONENTS",
                  "WORKLOADS"
                ]
              }
            ],
            "logging_service": "logging.googleapis.com/kubernetes",
            "maintenance_policy": [],
            "master_auth": [
              {
                "client_certificate": "",
                "client_certificate_config": [
                  {
                    "issue_client_certificate": false
                  }
                ],
                "client_key": "",
                "cluster_ca_certificate": "LS0tLS1CRUdJTiBDRVJUSUZJQ0FURS0tLS0tCk1JSUVMRENDQXBTZ0F3SUJBZ0lRVHRuNU1SWitveEpKcTJuRmVWemZRakFOQmdrcWhraUc5dzBCQVFzRkFEQXYKTVMwd0t3WURWUVFERXlSbVpUVm1aREk0T1MxbE9HUTFMVFJsWTJJdE9XSmtaUzFoWVRjMlpHSXlNekpqWlRRdwpJQmNOTWpRd09ERTBNVEF3T1RJNFdoZ1BNakExTkRBNE1EY3hNVEE1TWpoYU1DOHhMVEFyQmdOVkJBTVRKR1psCk5XWmtNamc1TFdVNFpEVXROR1ZqWWkwNVltUmxMV0ZoTnpaa1lqSXpNbU5sTkRDQ0FhSXdEUVlKS29aSWh2Y04KQVFFQkJRQURnZ0dQQURDQ0FZb0NnZ0dCQUx6b1FRVkNkb0N5ZnBiYmZYNFBzM0pKTTVldyt6TzhhdVZhN0QrQgpXZlZudkp1WW9aN0lPKzRPdTcySVVwdVZaWGdUMHd1dXVWYUhZQXhDdzdaeS9WWWtoZWhvMUtMeVhVbDR6clZMClc2KytsbG9SSEJ2alpETGIzL1NySm5NUXNMczcwYlBkbldBR3QrMURNaWtZaVpUclhHUENxeHhCM1hBcC84MDUKTG5oOS81NHlCcmNhWEFDT2FEcHgwN0xETXB2SW1memY0SFpzVGluUnFielBwelFtOEpUejkydnVHZFp1b1o3ZQpVK2lvRk0wL2U2ZUNqVUpGSDdPcjk5Q3pYZ1lzYlNoOGpVUVpOR21ycGEyL2wzekVEd3U2cTAraTBoMkNkeGswCmhSK2JCK0hFWHk0Nml2bUtxd1l0Z0JrRFRsaVRZUjVsd0ZCS0M0VEJOaDUyRVlZdy9XODhMNkVlb0pJUW5QWFEKVlBaMzUyVEtmQzF0dzBLVFJVNThGRlFrWXQ3TXh2N2w4eW1HVEQzdGhUSE40YkZEQ01yYUdsbmdIZGdSWHZWVQpHK0JGdTJETHhWaFRNQzdhWEZ6NVpvc1NTK0psV1V1azBKbmthSHorWXhTakZmN2J5ZmhlUm1RYm83Zk1YUnlqClFQdno5K1hxSExFQU00RmZscUZPZnh2Vzl3SURBUUFCbzBJd1FEQU9CZ05WSFE4QkFmOEVCQU1DQWdRd0R3WUQKVlIwVEFRSC9CQVV3QXdFQi96QWRCZ05WSFE0RUZnUVVXRmw3OU5KcG9rRERxZUM3eU9zR2p5c05jcmN3RFFZSgpLb1pJaHZjTkFRRUxCUUFEZ2dHQkFDM3BSdHk3SW0zSU9HYzlxNWdYNUZaSjNwbDZoTGhiMjZ4cnhiS1o4K1pzClFMYW53S0dFZ1hHQm5pblBhMXVOaVgrMEQ3RGtCank3bWhnUjI0Tmp6d0pScFBiUXRvb3BzcHl5N2FodVpJd3YKQ2ZVSnVFM21KSEt2aVhUTTFpc3U0ajEvNzBiS1J1eHhLcmdEUDFwNmpYS1ZHUGNGMzAyU2YvMXM1QnVoaEozZApyMHcwai9wWDhNcXFOd2NtUlZVckdoanQwbGgrdFgzNno2VmNZQmQ0MEp2eHVMdEMrQTRrQWRsSVNheWdUYVJnCmFnZ293TUx6YTBnN2ZDd1dFQ01DRzMrNjZOMk44TmpIeHVQd29NK2Q0bUpTeEhKNCs2ajhiZndvdHJBQ0kxYXAKdjhtQy9pYkxjYXVDZlFhVFlKb1ZOOGM5UUh5TnphcUpneEFQN3VGMUxmRDIwb3lraTdqUXRZOHluS2FqMnZQZQp0emhuMlcrc2tKMnlxMERMODA5djhVNitTNjd5bSt1Y3ljKzRzTTNuQ1pOZG9jb1U1UzFFNUc0b1BjU2JkTmdUClhacFo0a0FVVHMxY1pVcnBwVE9EZm81RVB6enljOWIwZXQwcU80THNZTE9SaDBiRVdBU3FBRGVtUlBWVnlJbU0KRWlOTzE2UlZzMCtjZjEvcE84Q0krZz09Ci0tLS0tRU5EIENFUlRJRklDQVRFLS0tLS0K"
              }
            ],
            "master_authorized_networks_config": [],
            "master_version": "1.29.8-gke.1031000",
            "mesh_certificates": [],
            "min_master_version": null,
            "monitoring_config": [
              {
                "advanced_datapath_observability_config": [
                  {
                    "enable_metrics": false,
                    "enable_relay": false
                  }
                ],
                "enable_components": [
                  "SYSTEM_COMPONENTS",
                  "STORAGE",
                  "POD",
                  "DEPLOYMENT",
                  "STATEFULSET",
                  "DAEMONSET",
                  "HPA",
                  "CADVISOR",
                  "KUBELET"
                ],
                "managed_prometheus": [
                  {
                    "enabled": true
                  }
                ]
              }
            ],
            "monitoring_service": "monitoring.googleapis.com/kubernetes",
            "name": "practice-production",
            "network": "projects/total-triumph-428918-t6/global/networks/default",
            "network_policy": [
              {
                "enabled": false,
                "provider": "PROVIDER_UNSPECIFIED"
              }
            ],
            "networking_mode": "VPC_NATIVE",
            "node_config": [
              {
                "advanced_machine_features": [
                  {
                    "enable_nested_virtualization": false,
                    "threads_per_core": 0
                  }
                ],
                "boot_disk_kms_key": "",
                "confidential_nodes": [],
                "containerd_config": [],
                "disk_size_gb": 32,
                "disk_type": "pd-standard",
                "effective_taints": [],
                "enable_confidential_storage": false,
                "ephemeral_storage_local_ssd_config": [],
                "fast_socket": [],
                "gcfs_config": [],
                "guest_accelerator": [],
                "gvnic": [],
                "host_maintenance_policy": [],
                "image_type": "UBUNTU_CONTAINERD",
                "kubelet_config": [],
                "labels": {},
                "linux_node_config": [],
                "local_nvme_ssd_block_config": [],
                "local_ssd_count": 0,
                "logging_variant": "DEFAULT",
                "machine_type": "g1-small",
                "metadata": {
                  "disable-legacy-endpoints": "true"
                },
                "min_cpu_platform": "",
                "node_group": "",
                "oauth_scopes": [
                  "https://www.googleapis.com/auth/cloud-platform"
                ],
                "preemptible": false,
                "reservation_affinity": [],
                "resource_labels": {},
                "resource_manager_tags": {},
                "secondary_boot_disks": [],
                "service_account": "default",
                "shielded_instance_config": [
                  {
                    "enable_integrity_monitoring": true,
                    "enable_secure_boot": false
                  }
                ],
                "sole_tenant_config": [],
                "spot": false,
                "tags": [],
                "taint": [],
                "workload_metadata_config": []
              }
            ],
            "node_locations": [],
            "node_pool": [
              {
                "autoscaling": [
                  {
                    "location_policy": "BALANCED",
                    "max_node_count": 4,
                    "min_node_count": 2,
                    "total_max_node_count": 0,
                    "total_min_node_count": 0
                  }
                ],
                "initial_node_count": 4,
                "instance_group_urls": [
                  "https://www.googleapis.com/compute/v1/projects/total-triumph-428918-t6/zones/us-central1-c/instanceGroupManagers/gke-practice-product-practice-node-po-73a8548b-grp"
                ],
                "managed_instance_group_urls": [
                  "https://www.googleapis.com/compute/v1/projects/total-triumph-428918-t6/zones/us-central1-c/instanceGroups/gke-practice-product-practice-node-po-73a8548b-grp"
                ],
                "management": [
                  {
                    "auto_repair": true,
                    "auto_upgrade": true
                  }
                ],
                "max_pods_per_node": 110,
                "name": "practice-node-pool-1",
                "name_prefix": "",
                "network_config": [
                  {
                    "additional_node_network_configs": [],
                    "additional_pod_network_configs": [],
                    "create_pod_range": false,
                    "enable_private_nodes": false,
                    "network_performance_config": [],
                    "pod_cidr_overprovision_config": [],
                    "pod_ipv4_cidr_block": "10.16.0.0/14",
                    "pod_range": "gke-practice-production-pods-a6f079b9"
                  }
                ],
                "node_config": [
                  {
                    "advanced_machine_features": [
                      {
                        "enable_nested_virtualization": false,
                        "threads_per_core": 0
                      }
                    ],
                    "boot_disk_kms_key": "",
                    "confidential_nodes": [],
                    "containerd_config": [],
                    "disk_size_gb": 32,
                    "disk_type": "pd-standard",
                    "effective_taints": [],
                    "enable_confidential_storage": false,
                    "ephemeral_storage_local_ssd_config": [],
                    "fast_socket": [],
                    "gcfs_config": [],
                    "guest_accelerator": [],
                    "gvnic": [],
                    "host_maintenance_policy": [],
                    "image_type": "UBUNTU_CONTAINERD",
                    "kubelet_config": [],
                    "labels": {},
                    "linux_node_config": [],
                    "local_nvme_ssd_block_config": [],
                    "local_ssd_count": 0,
                    "logging_variant": "DEFAULT",
                    "machine_type": "g1-small",
                    "metadata": {
                      "disable-legacy-endpoints": "true"
                    },
                    "min_cpu_platform": "",
                    "node_group": "",
                    "oauth_scopes": [
                      "https://www.googleapis.com/auth/cloud-platform"
                    ],
                    "preemptible": false,
                    "reservation_affinity": [],
                    "resource_labels": {},
                    "resource_manager_tags": {},
                    "secondary_boot_disks": [],
                    "service_account": "default",
                    "shielded_instance_config": [
                      {
                        "enable_integrity_monitoring": true,
                        "enable_secure_boot": false
                      }
                    ],
                    "sole_tenant_config": [],
                    "spot": false,
                    "tags": [],
                    "taint": [],
                    "workload_metadata_config": []
                  }
                ],
                "node_count": 2,
                "node_locations": [
                  "us-central1-c"
                ],
                "placement_policy": [],
                "queued_provisioning": [
                  {
                    "enabled": false
                  }
                ],
                "upgrade_settings": [
                  {
                    "blue_green_settings": [],
                    "max_surge": 1,
                    "max_unavailable": 0,
                    "strategy": "SURGE"
                  }
                ],
                "version": "1.29.6-gke.1326000"
              }
            ],
            "node_pool_auto_config": [],
            "node_pool_defaults": [
              {
                "node_config_defaults": [
                  {
                    "containerd_config": [],
                    "insecure_kubelet_readonly_port_enabled": "FALSE",
                    "logging_variant": "DEFAULT"
                  }
                ]
              }
            ],
            "node_version": "1.29.6-gke.1326000",
            "notification_config": [
              {
                "pubsub": [
                  {
                    "enabled": false,
                    "filter": [],
                    "topic": ""
                  }
                ]
              }
            ],
            "operation": null,
            "private_cluster_config": [
              {
                "enable_private_endpoint": false,
                "enable_private_nodes": false,
                "master_global_access_config": [
                  {
                    "enabled": false
                  }
                ],
                "master_ipv4_cidr_block": "",
                "peering_name": "",
                "private_endpoint": "10.128.0.2",
                "private_endpoint_subnetwork": "",
                "public_endpoint": "34.133.138.169"
              }
            ],
            "private_ipv6_google_access": "",
            "project": "total-triumph-428918-t6",
            "release_channel": [
              {
                "channel": "REGULAR"
              }
            ],
            "remove_default_node_pool": null,
            "resource_labels": {},
            "resource_usage_export_config": [],
            "secret_manager_config": [
              {
                "enabled": false
              }
            ],
            "security_posture_config": [
              {
                "mode": "BASIC",
                "vulnerability_mode": "VULNERABILITY_DISABLED"
              }
            ],
            "self_link": "https://container.googleapis.com/v1/projects/total-triumph-428918-t6/zones/us-central1-c/clusters/practice-production",
            "service_external_ips_config": [
              {
                "enabled": false
              }
            ],
            "services_ipv4_cidr": "34.118.224.0/20",
            "subnetwork": "projects/total-triumph-428918-t6/regions/us-central1/subnetworks/default",
            "terraform_labels": {},
            "timeouts": null,
            "tpu_ipv4_cidr_block": "",
            "vertical_pod_autoscaling": [],
            "workload_identity_config": []
          },
          "sensitive_attributes": [
            [
              {
                "type": "get_attr",
                "value": "master_auth"
              },
              {
                "type": "index",
                "value": {
                  "value": 0,
                  "type": "number"
                }
              },
              {
                "type": "get_attr",
                "value": "client_key"
              }
            ]
          ],
          "private": "eyJlMmJmYjczMC1lY2FhLTExZTYtOGY4OC0zNDM2M2JjN2M0YzAiOnsiY3JlYXRlIjoyNDAwMDAwMDAwMDAwLCJkZWxldGUiOjI0MDAwMDAwMDAwMDAsInJlYWQiOjI0MDAwMDAwMDAwMDAsInVwZGF0ZSI6MzYwMDAwMDAwMDAwMH0sInNjaGVtYV92ZXJzaW9uIjoiMiJ9"
        }
      ]
    },
    {
      "module": "module.google",
      "mode": "managed",
      "type": "google_container_node_pool",
      "name": "node_pool",
      "provider": "module.google.provider[\"registry.terraform.io/hashicorp/google\"]",
      "instances": [
        {
          "schema_version": 1,
          "attributes": {
            "autoscaling": [
              {
                "location_policy": "BALANCED",
                "max_node_count": 4,
                "min_node_count": 2,
                "total_max_node_count": 0,
                "total_min_node_count": 0
              }
            ],
            "cluster": "practice-production",
            "id": "projects/total-triumph-428918-t6/locations/us-central1-c/clusters/practice-production/nodePools/practice-node-pool-1",
            "initial_node_count": 4,
            "instance_group_urls": [
              "https://www.googleapis.com/compute/v1/projects/total-triumph-428918-t6/zones/us-central1-c/instanceGroupManagers/gke-practice-product-practice-node-po-73a8548b-grp"
            ],
            "location": "us-central1-c",
            "managed_instance_group_urls": [
              "https://www.googleapis.com/compute/v1/projects/total-triumph-428918-t6/zones/us-central1-c/instanceGroups/gke-practice-product-practice-node-po-73a8548b-grp"
            ],
            "management": [
              {
                "auto_repair": true,
                "auto_upgrade": true
              }
            ],
            "max_pods_per_node": 110,
            "name": "practice-node-pool-1",
            "name_prefix": "",
            "network_config": [
              {
                "additional_node_network_configs": [],
                "additional_pod_network_configs": [],
                "create_pod_range": false,
                "enable_private_nodes": false,
                "network_performance_config": [],
                "pod_cidr_overprovision_config": [],
                "pod_ipv4_cidr_block": "10.16.0.0/14",
                "pod_range": "gke-practice-production-pods-a6f079b9"
              }
            ],
            "node_config": [
              {
                "advanced_machine_features": [
                  {
                    "enable_nested_virtualization": false,
                    "threads_per_core": 0
                  }
                ],
                "boot_disk_kms_key": "",
                "confidential_nodes": [],
                "containerd_config": [],
                "disk_size_gb": 32,
                "disk_type": "pd-standard",
                "effective_taints": [],
                "enable_confidential_storage": false,
                "ephemeral_storage_local_ssd_config": [],
                "fast_socket": [],
                "gcfs_config": [],
                "guest_accelerator": [],
                "gvnic": [],
                "host_maintenance_policy": [],
                "image_type": "UBUNTU_CONTAINERD",
                "kubelet_config": [],
                "labels": {},
                "linux_node_config": [],
                "local_nvme_ssd_block_config": [],
                "local_ssd_count": 0,
                "logging_variant": "DEFAULT",
                "machine_type": "g1-small",
                "metadata": {
                  "disable-legacy-endpoints": "true"
                },
                "min_cpu_platform": "",
                "node_group": "",
                "oauth_scopes": [
                  "https://www.googleapis.com/auth/cloud-platform"
                ],
                "preemptible": false,
                "reservation_affinity": [],
                "resource_labels": {},
                "resource_manager_tags": {},
                "secondary_boot_disks": [],
                "service_account": "default",
                "shielded_instance_config": [
                  {
                    "enable_integrity_monitoring": true,
                    "enable_secure_boot": false
                  }
                ],
                "sole_tenant_config": [],
                "spot": false,
                "tags": [],
                "taint": [],
                "workload_metadata_config": []
              }
            ],
            "node_count": 2,
            "node_locations": [
              "us-central1-c"
            ],
            "operation": null,
            "placement_policy": [],
            "project": "total-triumph-428918-t6",
            "queued_provisioning": [
              {
                "enabled": false
              }
            ],
            "timeouts": null,
            "upgrade_settings": [
              {
                "blue_green_settings": [],
                "max_surge": 1,
                "max_unavailable": 0,
                "strategy": "SURGE"
              }
            ],
            "version": "1.29.6-gke.1326000"
          },
          "sensitive_attributes": [],
          "private": "eyJlMmJmYjczMC1lY2FhLTExZTYtOGY4OC0zNDM2M2JjN2M0YzAiOnsiY3JlYXRlIjoxODAwMDAwMDAwMDAwLCJkZWxldGUiOjE4MDAwMDAwMDAwMDAsInVwZGF0ZSI6MTgwMDAwMDAwMDAwMH0sInNjaGVtYV92ZXJzaW9uIjoiMSJ9",
          "dependencies": [
            "module.google.google_container_cluster.primary_cluster"
          ]
        }
      ]
    }
  ],
  "check_results": null
}
